
Microsoft Visual Studio Solution File, Format Version 12.00
# Visual Studio Version 16
VisualStudioVersion = 16.0.30804.86
MinimumVisualStudioVersion = 10.0.40219.1
Project("{FAE04EC0-301F-11D3-BF4B-00C04F79EFBC}") = "StartApp", "StartApp\StartApp.csproj", "{3F750889-9AAA-46F1-ACFB-04871242F1B9}"
EndProject
Project("{FAE04EC0-301F-11D3-BF4B-00C04F79EFBC}") = "StartApp.Entities", "StartApp.Entities\StartApp.Entities.csproj", "{4E14D3C3-9576-4C11-B671-3BEE36CCB62D}"
EndProject
Project("{FAE04EC0-301F-11D3-BF4B-00C04F79EFBC}") = "StartApp.DataAccess", "StartApp.DataAccess\StartApp.DataAccess.csproj", "{D2C5508C-DBE9-4987-B0F9-09DE65753EE2}"
EndProject
Project("{FAE04EC0-301F-11D3-BF4B-00C04F79EFBC}") = "StartApp.Business", "StartApp.Business\StartApp.Business.csproj", "{23A65A21-B2A8-4F78-8CE4-553B9F007E88}"
EndProject
Project("{FAE04EC0-301F-11D3-BF4B-00C04F79EFBC}") = "StartApp.Business.Tests", "StartApp.Business.Tests\StartApp.Business.Tests.csproj", "{55F30EF2-2724-4EC1-B3BC-C5C5E4B523D2}"
EndProject
Global
	GlobalSection(SolutionConfigurationPlatforms) = preSolution
		Debug|Any CPU = Debug|Any CPU
		Release|Any CPU = Release|Any CPU
	EndGlobalSection
	GlobalSection(ProjectConfigurationPlatforms) = postSolution
		{3F750889-9AAA-46F1-ACFB-04871242F1B9}.Debug|Any CPU.ActiveCfg = Debug|Any CPU
		{3F750889-9AAA-46F1-ACFB-04871242F1B9}.Debug|Any CPU.Build.0 = Debug|Any CPU
		{3F750889-9AAA-46F1-ACFB-04871242F1B9}.Release|Any CPU.ActiveCfg = Release|Any CPU
		{3F750889-9AAA-46F1-ACFB-04871242F1B9}.Release|Any CPU.Build.0 = Release|Any CPU
		{4E14D3C3-9576-4C11-B671-3BEE36CCB62D}.Debug|Any CPU.ActiveCfg = Debug|Any CPU
		{4E14D3C3-9576-4C11-B671-3BEE36CCB62D}.Debug|Any CPU.Build.0 = Debug|Any CPU
		{4E14D3C3-9576-4C11-B671-3BEE36CCB62D}.Release|Any CPU.ActiveCfg = Release|Any CPU
		{4E14D3C3-9576-4C11-B671-3BEE36CCB62D}.Release|Any CPU.Build.0 = Release|Any CPU
		{D2C5508C-DBE9-4987-B0F9-09DE65753EE2}.Debug|Any CPU.ActiveCfg = Debug|Any CPU
		{D2C5508C-DBE9-4987-B0F9-09DE65753EE2}.Debug|Any CPU.Build.0 = Debug|Any CPU
		{D2C5508C-DBE9-4987-B0F9-09DE65753EE2}.Release|Any CPU.ActiveCfg = Release|Any CPU
		{D2C5508C-DBE9-4987-B0F9-09DE65753EE2}.Release|Any CPU.Build.0 = Release|Any CPU
		{23A65A21-B2A8-4F78-8CE4-553B9F007E88}.Debug|Any CPU.ActiveCfg = Debug|Any CPU
		{23A65A21-B2A8-4F78-8CE4-553B9F007E88}.Debug|Any CPU.Build.0 = Debug|Any CPU
		{23A65A21-B2A8-4F78-8CE4-553B9F007E88}.Release|Any CPU.ActiveCfg = Release|Any CPU
		{23A65A21-B2A8-4F78-8CE4-553B9F007E88}.Release|Any CPU.Build.0 = Release|Any CPU
		{55F30EF2-2724-4EC1-B3BC-C5C5E4B523D2}.Debug|Any CPU.ActiveCfg = Debug|Any CPU
		{55F30EF2-2724-4EC1-B3BC-C5C5E4B523D2}.Debug|Any CPU.Build.0 = Debug|Any CPU
		{55F30EF2-2724-4EC1-B3BC-C5C5E4B523D2}.Release|Any CPU.ActiveCfg = Release|Any CPU
		{55F30EF2-2724-4EC1-B3BC-C5C5E4B523D2}.Release|Any CPU.Build.0 = Release|Any CPU
	EndGlobalSection
	GlobalSection(SolutionProperties) = preSolution
		HideSolutionNode = FALSE
	EndGlobalSection
	GlobalSection(ExtensibilityGlobals) = postSolution
		SolutionGuid = {D5C32F77-386A-45CD-8A81-D5D38390446B}
	EndGlobalSection
EndGlobal
